// !$*UTF8*$!
{
	archiveVersion = 1;
	classes = {
	};
	objectVersion = 56;
	objects = {

/* Begin PBXBuildFile section */
		6D885CFA2B715DC3006F1E3D /* main.c in Sources */ = {isa = PBXBuildFile; fileRef = 6D885CF92B715DC3006F1E3D /* main.c */; };
		6D885D082B715E82006F1E3D /* MathGameTimeOn.c in Sources */ = {isa = PBXBuildFile; fileRef = 6D885D022B715E82006F1E3D /* MathGameTimeOn.c */; };
		6D885D092B715E82006F1E3D /* WordLib.c in Sources */ = {isa = PBXBuildFile; fileRef = 6D885D032B715E82006F1E3D /* WordLib.c */; };
		6D885D0A2B715E82006F1E3D /* WordGame.c in Sources */ = {isa = PBXBuildFile; fileRef = 6D885D052B715E82006F1E3D /* WordGame.c */; };
		6D885D0B2B715E82006F1E3D /* MathGame.c in Sources */ = {isa = PBXBuildFile; fileRef = 6D885D072B715E82006F1E3D /* MathGame.c */; };
/* End PBXBuildFile section */

/* Begin PBXCopyFilesBuildPhase section */
		6D885CF42B715DC3006F1E3D /* CopyFiles */ = {
			isa = PBXCopyFilesBuildPhase;
			buildActionMask = 2147483647;
			dstPath = /usr/share/man/man1/;
			dstSubfolderSpec = 0;
			files = (
			);
			runOnlyForDeploymentPostprocessing = 1;
		};
/* End PBXCopyFilesBuildPhase section */

/* Begin PBXFileReference section */
		6D885CF62B715DC3006F1E3D /* math-word-game */ = {isa = PBXFileReference; explicitFileType = "compiled.mach-o.executable"; includeInIndex = 0; path = "math-word-game"; sourceTree = BUILT_PRODUCTS_DIR; };
		6D885CF92B715DC3006F1E3D /* main.c */ = {isa = PBXFileReference; lastKnownFileType = sourcecode.c.c; path = main.c; sourceTree = "<group>"; };
		6D885D002B715E82006F1E3D /* MathGameTimeOn.h */ = {isa = PBXFileReference; fileEncoding = 4; lastKnownFileType = sourcecode.c.h; path = MathGameTimeOn.h; sourceTree = "<group>"; };
		6D885D012B715E82006F1E3D /* MathGame.h */ = {isa = PBXFileReference; fileEncoding = 4; lastKnownFileType = sourcecode.c.h; path = MathGame.h; sourceTree = "<group>"; };
		6D885D022B715E82006F1E3D /* MathGameTimeOn.c */ = {isa = PBXFileReference; fileEncoding = 4; lastKnownFileType = sourcecode.c.c; path = MathGameTimeOn.c; sourceTree = "<group>"; };
		6D885D032B715E82006F1E3D /* WordLib.c */ = {isa = PBXFileReference; fileEncoding = 4; lastKnownFileType = sourcecode.c.c; path = WordLib.c; sourceTree = "<group>"; };
		6D885D042B715E82006F1E3D /* WordGame.h */ = {isa = PBXFileReference; fileEncoding = 4; lastKnownFileType = sourcecode.c.h; path = WordGame.h; sourceTree = "<group>"; };
		6D885D052B715E82006F1E3D /* WordGame.c */ = {isa = PBXFileReference; fileEncoding = 4; lastKnownFileType = sourcecode.c.c; path = WordGame.c; sourceTree = "<group>"; };
		6D885D062B715E82006F1E3D /* WordLib.h */ = {isa = PBXFileReference; fileEncoding = 4; lastKnownFileType = sourcecode.c.h; path = WordLib.h; sourceTree = "<group>"; };
		6D885D072B715E82006F1E3D /* MathGame.c */ = {isa = PBXFileReference; fileEncoding = 4; lastKnownFileType = sourcecode.c.c; path = MathGame.c; sourceTree = "<group>"; };
/* End PBXFileReference section */

/* Begin PBXFrameworksBuildPhase section */
		6D885CF32B715DC3006F1E3D /* Frameworks */ = {
			isa = PBXFrameworksBuildPhase;
			buildActionMask = 2147483647;
			files = (
			);
			runOnlyForDeploymentPostprocessing = 0;
		};
/* End PBXFrameworksBuildPhase section */

/* Begin PBXGroup section */
		6D885CED2B715DC3006F1E3D = {
			isa = PBXGroup;
			children = (
				6D885CF82B715DC3006F1E3D /* math-word-game */,
				6D885CF72B715DC3006F1E3D /* Products */,
			);
			sourceTree = "<group>";
		};
		6D885CF72B715DC3006F1E3D /* Products */ = {
			isa = PBXGroup;
			children = (
				6D885CF62B715DC3006F1E3D /* math-word-game */,
			);
			name = Products;
			sourceTree = "<group>";
		};
		6D885CF82B715DC3006F1E3D /* math-word-game */ = {
			isa = PBXGroup;
			children = (
				6D885CF92B715DC3006F1E3D /* main.c */,
				6D885D072B715E82006F1E3D /* MathGame.c */,
				6D885D012B715E82006F1E3D /* MathGame.h */,
				6D885D022B715E82006F1E3D /* MathGameTimeOn.c */,
				6D885D002B715E82006F1E3D /* MathGameTimeOn.h */,
				6D885D052B715E82006F1E3D /* WordGame.c */,
				6D885D042B715E82006F1E3D /* WordGame.h */,
				6D885D032B715E82006F1E3D /* WordLib.c */,
				6D885D062B715E82006F1E3D /* WordLib.h */,
			);
			path = "math-word-game";
			sourceTree = "<group>";
		};
/* End PBXGroup section */

/* Begin PBXNativeTarget section */
		6D885CF52B715DC3006F1E3D /* math-word-game */ = {
			isa = PBXNativeTarget;
			buildConfigurationList = 6D885CFD2B715DC3006F1E3D /* Build configuration list for PBXNativeTarget "math-word-game" */;
			buildPhases = (
				6D885CF22B715DC3006F1E3D /* Sources */,
				6D885CF32B715DC3006F1E3D /* Frameworks */,
				6D885CF42B715DC3006F1E3D /* CopyFiles */,
			);
			buildRules = (
			);
			dependencies = (
			);
			name = "math-word-game";
			productName = "math-word-game";
			productReference = 6D885CF62B715DC3006F1E3D /* math-word-game */;
			productType = "com.apple.product-type.tool";
		};
/* End PBXNativeTarget section */

/* Begin PBXProject section */
		6D885CEE2B715DC3006F1E3D /* Project object */ = {
			isa = PBXProject;
			attributes = {
				BuildIndependentTargetsInParallel = 1;
				LastUpgradeCheck = 1520;
				TargetAttributes = {
					6D885CF52B715DC3006F1E3D = {
						CreatedOnToolsVersion = 15.2;
					};
				};
			};
			buildConfigurationList = 6D885CF12B715DC3006F1E3D /* Build configuration list for PBXProject "math-word-game" */;
			compatibilityVersion = "Xcode 14.0";
			developmentRegion = en;
			hasScannedForEncodings = 0;
			knownRegions = (
				en,
				Base,
			);
			mainGroup = 6D885CED2B715DC3006F1E3D;
			productRefGroup = 6D885CF72B715DC3006F1E3D /* Products */;
			projectDirPath = "";
			projectRoot = "";
			targets = (
				6D885CF52B715DC3006F1E3D /* math-word-game */,
			);
		};
/* End PBXProject section */

/* Begin PBXSourcesBuildPhase section */
		6D885CF22B715DC3006F1E3D /* Sources */ = {
			isa = PBXSourcesBuildPhase;
			buildActionMask = 2147483647;
			files = (
				6D885CFA2B715DC3006F1E3D /* main.c in Sources */,
				6D885D0A2B715E82006F1E3D /* WordGame.c in Sources */,
				6D885D082B715E82006F1E3D /* MathGameTimeOn.c in Sources */,
				6D885D092B715E82006F1E3D /* WordLib.c in Sources */,
				6D885D0B2B715E82006F1E3D /* MathGame.c in Sources */,
			);
			runOnlyForDeploymentPostprocessing = 0;
		};
/* End PBXSourcesBuildPhase section */

/* Begin XCBuildConfiguration section */
		6D885CFB2B715DC3006F1E3D /* Debug */ = {
			isa = XCBuildConfiguration;
			buildSettings = {
				ALWAYS_SEARCH_USER_PATHS = NO;
				ASSETCATALOG_COMPILER_GENERATE_SWIFT_ASSET_SYMBOL_EXTENSIONS = YES;
				CLANG_ANALYZER_NONNULL = YES;
				CLANG_ANALYZER_NUMBER_OBJECT_CONVERSION = YES_AGGRESSIVE;
				CLANG_CXX_LANGUAGE_STANDARD = "gnu++20";
				CLANG_ENABLE_MODULES = YES;
				CLANG_ENABLE_OBJC_ARC = YES;
				CLANG_ENABLE_OBJC_WEAK = YES;
				CLANG_WARN_BLOCK_CAPTURE_AUTORELEASING = YES;
				CLANG_WARN_BOOL_CONVERSION = YES;
				CLANG_WARN_COMMA = YES;
				CLANG_WARN_CONSTANT_CONVERSION = YES;
				CLANG_WARN_DEPRECATED_OBJC_IMPLEMENTATIONS = YES;
				CLANG_WARN_DIRECT_OBJC_ISA_USAGE = YES_ERROR;
				CLANG_WARN_DOCUMENTATION_COMMENTS = YES;
				CLANG_WARN_EMPTY_BODY = YES;
				CLANG_WARN_ENUM_CONVERSION = YES;
				CLANG_WARN_INFINITE_RECURSION = YES;
				CLANG_WARN_INT_CONVERSION = YES;
				CLANG_WARN_NON_LITERAL_NULL_CONVERSION = YES;
				CLANG_WARN_OBJC_IMPLICIT_RETAIN_SELF = YES;
				CLANG_WARN_OBJC_LITERAL_CONVERSION = YES;
				CLANG_WARN_OBJC_ROOT_CLASS = YES_ERROR;
				CLANG_WARN_QUOTED_INCLUDE_IN_FRAMEWORK_HEADER = YES;
				CLANG_WARN_RANGE_LOOP_ANALYSIS = YES;
				CLANG_WARN_STRICT_PROTOTYPES = YES;
				CLANG_WARN_SUSPICIOUS_MOVE = YES;
				CLANG_WARN_UNGUARDED_AVAILABILITY = YES_AGGRESSIVE;
				CLANG_WARN_UNREACHABLE_CODE = YES;
				CLANG_WARN__DUPLICATE_METHOD_MATCH = YES;
				COPY_PHASE_STRIP = NO;
				DEBUG_INFORMATION_FORMAT = dwarf;
				ENABLE_STRICT_OBJC_MSGSEND = YES;
				ENABLE_TESTABILITY = YES;
				ENABLE_USER_SCRIPT_SANDBOXING = YES;
				GCC_C_LANGUAGE_STANDARD = gnu17;
				GCC_DYNAMIC_NO_PIC = NO;
				GCC_NO_COMMON_BLOCKS = YES;
				GCC_OPTIMIZATION_LEVEL = 0;
				GCC_PREPROCESSOR_DEFINITIONS = (
					"DEBUG=1",
					"$(inherited)",
				);
				GCC_WARN_64_TO_32_BIT_CONVERSION = YES;
				GCC_WARN_ABOUT_RETURN_TYPE = YES_ERROR;
				GCC_WARN_UNDECLARED_SELECTOR = YES;
				GCC_WARN_UNINITIALIZED_AUTOS = YES_AGGRESSIVE;
				GCC_WARN_UNUSED_FUNCTION = YES;
				GCC_WARN_UNUSED_VARIABLE = YES;
				LOCALIZATION_PREFERS_STRING_CATALOGS = YES;
				MACOSX_DEPLOYMENT_TARGET = 14.2;
				MTL_ENABLE_DEBUG_INFO = INCLUDE_SOURCE;
				MTL_FAST_MATH = YES;
				ONLY_ACTIVE_ARCH = YES;
				SDKROOT = macosx;
			};
			name = Debug;
		};
		6D885CFC2B715DC3006F1E3D /* Release */ = {
			isa = XCBuildConfiguration;
			buildSettings = {
				ALWAYS_SEARCH_USER_PATHS = NO;
				ASSETCATALOG_COMPILER_GENERATE_SWIFT_ASSET_SYMBOL_EXTENSIONS = YES;
				CLANG_ANALYZER_NONNULL = YES;
				CLANG_ANALYZER_NUMBER_OBJECT_CONVERSION = YES_AGGRESSIVE;
				CLANG_CXX_LANGUAGE_STANDARD = "gnu++20";
				CLANG_ENABLE_MODULES = YES;
				CLANG_ENABLE_OBJC_ARC = YES;
				CLANG_ENABLE_OBJC_WEAK = YES;
				CLANG_WARN_BLOCK_CAPTURE_AUTORELEASING = YES;
				CLANG_WARN_BOOL_CONVERSION = YES;
				CLANG_WARN_COMMA = YES;
				CLANG_WARN_CONSTANT_CONVERSION = YES;
				CLANG_WARN_DEPRECATED_OBJC_IMPLEMENTATIONS = YES;
				CLANG_WARN_DIRECT_OBJC_ISA_USAGE = YES_ERROR;
				CLANG_WARN_DOCUMENTATION_COMMENTS = YES;
				CLANG_WARN_EMPTY_BODY = YES;
				CLANG_WARN_ENUM_CONVERSION = YES;
				CLANG_WARN_INFINITE_RECURSION = YES;
				CLANG_WARN_INT_CONVERSION = YES;
				CLANG_WARN_NON_LITERAL_NULL_CONVERSION = YES;
				CLANG_WARN_OBJC_IMPLICIT_RETAIN_SELF = YES;
				CLANG_WARN_OBJC_LITERAL_CONVERSION = YES;
				CLANG_WARN_OBJC_ROOT_CLASS = YES_ERROR;
				CLANG_WARN_QUOTED_INCLUDE_IN_FRAMEWORK_HEADER = YES;
				CLANG_WARN_RANGE_LOOP_ANALYSIS = YES;
				CLANG_WARN_STRICT_PROTOTYPES = YES;
				CLANG_WARN_SUSPICIOUS_MOVE = YES;
				CLANG_WARN_UNGUARDED_AVAILABILITY = YES_AGGRESSIVE;
				CLANG_WARN_UNREACHABLE_CODE = YES;
				CLANG_WARN__DUPLICATE_METHOD_MATCH = YES;
				COPY_PHASE_STRIP = NO;
				DEBUG_INFORMATION_FORMAT = "dwarf-with-dsym";
				ENABLE_NS_ASSERTIONS = NO;
				ENABLE_STRICT_OBJC_MSGSEND = YES;
				ENABLE_USER_SCRIPT_SANDBOXING = YES;
				GCC_C_LANGUAGE_STANDARD = gnu17;
				GCC_NO_COMMON_BLOCKS = YES;
				GCC_WARN_64_TO_32_BIT_CONVERSION = YES;
				GCC_WARN_ABOUT_RETURN_TYPE = YES_ERROR;
				GCC_WARN_UNDECLARED_SELECTOR = YES;
				GCC_WARN_UNINITIALIZED_AUTOS = YES_AGGRESSIVE;
				GCC_WARN_UNUSED_FUNCTION = YES;
				GCC_WARN_UNUSED_VARIABLE = YES;
				LOCALIZATION_PREFERS_STRING_CATALOGS = YES;
				MACOSX_DEPLOYMENT_TARGET = 14.2;
				MTL_ENABLE_DEBUG_INFO = NO;
				MTL_FAST_MATH = YES;
				SDKROOT = macosx;
			};
			name = Release;
		};
		6D885CFE2B715DC3006F1E3D /* Debug */ = {
			isa = XCBuildConfiguration;
			buildSettings = {
				CODE_SIGN_STYLE = Automatic;
				PRODUCT_NAME = "$(TARGET_NAME)";
			};
			name = Debug;
		};
		6D885CFF2B715DC3006F1E3D /* Release */ = {
			isa = XCBuildConfiguration;
			buildSettings = {
				CODE_SIGN_STYLE = Automatic;
				PRODUCT_NAME = "$(TARGET_NAME)";
			};
			name = Release;
		};
/* End XCBuildConfiguration section */

/* Begin XCConfigurationList section */
		6D885CF12B715DC3006F1E3D /* Build configuration list for PBXProject "math-word-game" */ = {
			isa = XCConfigurationList;
			buildConfigurations = (
				6D885CFB2B715DC3006F1E3D /* Debug */,
				6D885CFC2B715DC3006F1E3D /* Release */,
			);
			defaultConfigurationIsVisible = 0;
			defaultConfigurationName = Release;
		};
		6D885CFD2B715DC3006F1E3D /* Build configuration list for PBXNativeTarget "math-word-game" */ = {
			isa = XCConfigurationList;
			buildConfigurations = (
				6D885CFE2B715DC3006F1E3D /* Debug */,
				6D885CFF2B715DC3006F1E3D /* Release */,
			);
			defaultConfigurationIsVisible = 0;
			defaultConfigurationName = Release;
		};
/* End XCConfigurationList section */
	};
	rootObject = 6D885CEE2B715DC3006F1E3D /* Project object */;
}
